
Microsoft Visual Studio Solution File, Format Version 12.00
# Visual Studio Version 16
VisualStudioVersion = 16.0.31105.61
MinimumVisualStudioVersion = 10.0.40219.1
Project("{FAE04EC0-301F-11D3-BF4B-00C04F79EFBC}") = "CSInteropKeys", "CSInteropKeys\CSInteropKeys.csproj", "{3A325657-390E-43DE-9C17-4E8C96E9D579}"
EndProject
Global
	GlobalSection(SolutionConfigurationPlatforms) = preSolution
		Debug|Any CPU = Debug|Any CPU
		Release|Any CPU = Release|Any CPU
	EndGlobalSection
	GlobalSection(ProjectConfigurationPlatforms) = postSolution
		{3A325657-390E-43DE-9C17-4E8C96E9D579}.Debug|Any CPU.ActiveCfg = Debug|Any CPU
		{3A325657-390E-43DE-9C17-4E8C96E9D579}.Debug|Any CPU.Build.0 = Debug|Any CPU
		{3A325657-390E-43DE-9C17-4E8C96E9D579}.Release|Any CPU.ActiveCfg = Release|Any CPU
		{3A325657-390E-43DE-9C17-4E8C96E9D579}.Release|Any CPU.Build.0 = Release|Any CPU
	EndGlobalSection
	GlobalSection(SolutionProperties) = preSolution
		HideSolutionNode = FALSE
	EndGlobalSection
	GlobalSection(ExtensibilityGlobals) = postSolution
		SolutionGuid = {D2FE48D3-DDF2-4C42-95FB-B3DF089FB2C3}
	EndGlobalSection
EndGlobal
